
Microsoft Visual Studio Solution File, Format Version 12.00
# Visual Studio 15
VisualStudioVersion = 15.0.28307.136
MinimumVisualStudioVersion = 10.0.40219.1
Project("{FAE04EC0-301F-11D3-BF4B-00C04F79EFBC}") = "LucasMVC", "LucasMVC\LucasMVC.csproj", "{2F16D6DB-7D81-4FA8-B09A-653B938ED38E}"
EndProject
Global
	GlobalSection(SolutionConfigurationPlatforms) = preSolution
		Debug|Any CPU = Debug|Any CPU
		Release|Any CPU = Release|Any CPU
	EndGlobalSection
	GlobalSection(ProjectConfigurationPlatforms) = postSolution
		{2F16D6DB-7D81-4FA8-B09A-653B938ED38E}.Debug|Any CPU.ActiveCfg = Debug|Any CPU
		{2F16D6DB-7D81-4FA8-B09A-653B938ED38E}.Debug|Any CPU.Build.0 = Debug|Any CPU
		{2F16D6DB-7D81-4FA8-B09A-653B938ED38E}.Release|Any CPU.ActiveCfg = Release|Any CPU
		{2F16D6DB-7D81-4FA8-B09A-653B938ED38E}.Release|Any CPU.Build.0 = Release|Any CPU
	EndGlobalSection
	GlobalSection(SolutionProperties) = preSolution
		HideSolutionNode = FALSE
	EndGlobalSection
	GlobalSection(ExtensibilityGlobals) = postSolution
		SolutionGuid = {9AA97F95-EE24-455F-89D0-402B1C3913AC}
	EndGlobalSection
EndGlobal
